// !$*UTF8*$!
{
	archiveVersion = 1;
	classes = {
	};
	objectVersion = 50;
	objects = {

/* Begin PBXBuildFile section */
		745ADA9C230E3BE200DE9230 /* AppDelegate.swift in Sources */ = {isa = PBXBuildFile; fileRef = 745ADA9B230E3BE200DE9230 /* AppDelegate.swift */; };
		745ADA9E230E3BE200DE9230 /* ViewController.swift in Sources */ = {isa = PBXBuildFile; fileRef = 745ADA9D230E3BE200DE9230 /* ViewController.swift */; };
		745ADAA1230E3BE200DE9230 /* Main.storyboard in Resources */ = {isa = PBXBuildFile; fileRef = 745ADA9F230E3BE200DE9230 /* Main.storyboard */; };
		745ADAA3230E3BE600DE9230 /* Assets.xcassets in Resources */ = {isa = PBXBuildFile; fileRef = 745ADAA2230E3BE600DE9230 /* Assets.xcassets */; };
		745ADAA6230E3BE600DE9230 /* LaunchScreen.storyboard in Resources */ = {isa = PBXBuildFile; fileRef = 745ADAA4230E3BE600DE9230 /* LaunchScreen.storyboard */; };
		745ADAAF230E3C5200DE9230 /* MainViewController.swift in Sources */ = {isa = PBXBuildFile; fileRef = 745ADAAD230E3C5100DE9230 /* MainViewController.swift */; };
		745ADAB0230E3C5200DE9230 /* SelectionView.swift in Sources */ = {isa = PBXBuildFile; fileRef = 745ADAAE230E3C5100DE9230 /* SelectionView.swift */; };
/* End PBXBuildFile section */

/* Begin PBXFileReference section */
		745ADA98230E3BE200DE9230 /* SelectionView.app */ = {isa = PBXFileReference; explicitFileType = wrapper.application; includeInIndex = 0; path = SelectionView.app; sourceTree = BUILT_PRODUCTS_DIR; };
		745ADA9B230E3BE200DE9230 /* AppDelegate.swift */ = {isa = PBXFileReference; lastKnownFileType = sourcecode.swift; path = AppDelegate.swift; sourceTree = "<group>"; };
		745ADA9D230E3BE200DE9230 /* ViewController.swift */ = {isa = PBXFileReference; lastKnownFileType = sourcecode.swift; path = ViewController.swift; sourceTree = "<group>"; };
		745ADAA0230E3BE200DE9230 /* Base */ = {isa = PBXFileReference; lastKnownFileType = file.storyboard; name = Base; path = Base.lproj/Main.storyboard; sourceTree = "<group>"; };
		745ADAA2230E3BE600DE9230 /* Assets.xcassets */ = {isa = PBXFileReference; lastKnownFileType = folder.assetcatalog; path = Assets.xcassets; sourceTree = "<group>"; };
		745ADAA5230E3BE600DE9230 /* Base */ = {isa = PBXFileReference; lastKnownFileType = file.storyboard; name = Base; path = Base.lproj/LaunchScreen.storyboard; sourceTree = "<group>"; };
		745ADAA7230E3BE600DE9230 /* Info.plist */ = {isa = PBXFileReference; lastKnownFileType = text.plist.xml; path = Info.plist; sourceTree = "<group>"; };
		745ADAAD230E3C5100DE9230 /* MainViewController.swift */ = {isa = PBXFileReference; fileEncoding = 4; lastKnownFileType = sourcecode.swift; path = MainViewController.swift; sourceTree = "<group>"; };
		745ADAAE230E3C5100DE9230 /* SelectionView.swift */ = {isa = PBXFileReference; fileEncoding = 4; lastKnownFileType = sourcecode.swift; path = SelectionView.swift; sourceTree = "<group>"; };
/* End PBXFileReference section */

/* Begin PBXFrameworksBuildPhase section */
		745ADA95230E3BE200DE9230 /* Frameworks */ = {
			isa = PBXFrameworksBuildPhase;
			buildActionMask = 2147483647;
			files = (
			);
			runOnlyForDeploymentPostprocessing = 0;
		};
/* End PBXFrameworksBuildPhase section */

/* Begin PBXGroup section */
		745ADA8F230E3BE200DE9230 = {
			isa = PBXGroup;
			children = (
				745ADA9A230E3BE200DE9230 /* SelectionView */,
				745ADA99230E3BE200DE9230 /* Products */,
			);
			sourceTree = "<group>";
		};
		745ADA99230E3BE200DE9230 /* Products */ = {
			isa = PBXGroup;
			children = (
				745ADA98230E3BE200DE9230 /* SelectionView.app */,
			);
			name = Products;
			sourceTree = "<group>";
		};
		745ADA9A230E3BE200DE9230 /* SelectionView */ = {
			isa = PBXGroup;
			children = (
				745ADA9B230E3BE200DE9230 /* AppDelegate.swift */,
				745ADA9D230E3BE200DE9230 /* ViewController.swift */,
				745ADAAD230E3C5100DE9230 /* MainViewController.swift */,
				745ADAAE230E3C5100DE9230 /* SelectionView.swift */,
				745ADA9F230E3BE200DE9230 /* Main.storyboard */,
				745ADAA2230E3BE600DE9230 /* Assets.xcassets */,
				745ADAA4230E3BE600DE9230 /* LaunchScreen.storyboard */,
				745ADAA7230E3BE600DE9230 /* Info.plist */,
			);
			path = SelectionView;
			sourceTree = "<group>";
		};
/* End PBXGroup section */

/* Begin PBXNativeTarget section */
		745ADA97230E3BE200DE9230 /* SelectionView */ = {
			isa = PBXNativeTarget;
			buildConfigurationList = 745ADAAA230E3BE600DE9230 /* Build configuration list for PBXNativeTarget "SelectionView" */;
			buildPhases = (
				745ADA94230E3BE200DE9230 /* Sources */,
				745ADA95230E3BE200DE9230 /* Frameworks */,
				745ADA96230E3BE200DE9230 /* Resources */,
			);
			buildRules = (
			);
			dependencies = (
			);
			name = SelectionView;
			productName = SelectionView;
			productReference = 745ADA98230E3BE200DE9230 /* SelectionView.app */;
			productType = "com.apple.product-type.application";
		};
/* End PBXNativeTarget section */

/* Begin PBXProject section */
		745ADA90230E3BE200DE9230 /* Project object */ = {
			isa = PBXProject;
			attributes = {
				LastSwiftUpdateCheck = 1030;
				LastUpgradeCheck = 1030;
				ORGANIZATIONNAME = littema;
				TargetAttributes = {
					745ADA97230E3BE200DE9230 = {
						CreatedOnToolsVersion = 10.3;
					};
				};
			};
			buildConfigurationList = 745ADA93230E3BE200DE9230 /* Build configuration list for PBXProject "SelectionView" */;
			compatibilityVersion = "Xcode 9.3";
			developmentRegion = en;
			hasScannedForEncodings = 0;
			knownRegions = (
				en,
				Base,
			);
			mainGroup = 745ADA8F230E3BE200DE9230;
			productRefGroup = 745ADA99230E3BE200DE9230 /* Products */;
			projectDirPath = "";
			projectRoot = "";
			targets = (
				745ADA97230E3BE200DE9230 /* SelectionView */,
			);
		};
/* End PBXProject section */

/* Begin PBXResourcesBuildPhase section */
		745ADA96230E3BE200DE9230 /* Resources */ = {
			isa = PBXResourcesBuildPhase;
			buildActionMask = 2147483647;
			files = (
				745ADAA6230E3BE600DE9230 /* LaunchScreen.storyboard in Resources */,
				745ADAA3230E3BE600DE9230 /* Assets.xcassets in Resources */,
				745ADAA1230E3BE200DE9230 /* Main.storyboard in Resources */,
			);
			runOnlyForDeploymentPostprocessing = 0;
		};
/* End PBXResourcesBuildPhase section */

/* Begin PBXSourcesBuildPhase section */
		745ADA94230E3BE200DE9230 /* Sources */ = {
			isa = PBXSourcesBuildPhase;
			buildActionMask = 2147483647;
			files = (
				745ADAAF230E3C5200DE9230 /* MainViewController.swift in Sources */,
				745ADA9E230E3BE200DE9230 /* ViewController.swift in Sources */,
				745ADA9C230E3BE200DE9230 /* AppDelegate.swift in Sources */,
				745ADAB0230E3C5200DE9230 /* SelectionView.swift in Sources */,
			);
			runOnlyForDeploymentPostprocessing = 0;
		};
/* End PBXSourcesBuildPhase section */

/* Begin PBXVariantGroup section */
		745ADA9F230E3BE200DE9230 /* Main.storyboard */ = {
			isa = PBXVariantGroup;
			children = (
				745ADAA0230E3BE200DE9230 /* Base */,
			);
			name = Main.storyboard;
			sourceTree = "<group>";
		};
		745ADAA4230E3BE600DE9230 /* LaunchScreen.storyboard */ = {
			isa = PBXVariantGroup;
			children = (
				745ADAA5230E3BE600DE9230 /* Base */,
			);
			name = LaunchScreen.storyboard;
			sourceTree = "<group>";
		};
/* End PBXVariantGroup section */

/* Begin XCBuildConfiguration section */
		745ADAA8230E3BE600DE9230 /* Debug */ = {
			isa = XCBuildConfiguration;
			buildSettings = {
				ALWAYS_SEARCH_USER_PATHS = NO;
				CLANG_ANALYZER_NONNULL = YES;
				CLANG_ANALYZER_NUMBER_OBJECT_CONVERSION = YES_AGGRESSIVE;
				CLANG_CXX_LANGUAGE_STANDARD = "gnu++14";
				CLANG_CXX_LIBRARY = "libc++";
				CLANG_ENABLE_MODULES = YES;
				CLANG_ENABLE_OBJC_ARC = YES;
				CLANG_ENABLE_OBJC_WEAK = YES;
				CLANG_WARN_BLOCK_CAPTURE_AUTORELEASING = YES;
				CLANG_WARN_BOOL_CONVERSION = YES;
				CLANG_WARN_COMMA = YES;
				CLANG_WARN_CONSTANT_CONVERSION = YES;
				CLANG_WARN_DEPRECATED_OBJC_IMPLEMENTATIONS = YES;
				CLANG_WARN_DIRECT_OBJC_ISA_USAGE = YES_ERROR;
				CLANG_WARN_DOCUMENTATION_COMMENTS = YES;
				CLANG_WARN_EMPTY_BODY = YES;
				CLANG_WARN_ENUM_CONVERSION = YES;
				CLANG_WARN_INFINITE_RECURSION = YES;
				CLANG_WARN_INT_CONVERSION = YES;
				CLANG_WARN_NON_LITERAL_NULL_CONVERSION = YES;
				CLANG_WARN_OBJC_IMPLICIT_RETAIN_SELF = YES;
				CLANG_WARN_OBJC_LITERAL_CONVERSION = YES;
				CLANG_WARN_OBJC_ROOT_CLASS = YES_ERROR;
				CLANG_WARN_RANGE_LOOP_ANALYSIS = YES;
				CLANG_WARN_STRICT_PROTOTYPES = YES;
				CLANG_WARN_SUSPICIOUS_MOVE = YES;
				CLANG_WARN_UNGUARDED_AVAILABILITY = YES_AGGRESSIVE;
				CLANG_WARN_UNREACHABLE_CODE = YES;
				CLANG_WARN__DUPLICATE_METHOD_MATCH = YES;
				CODE_SIGN_IDENTITY = "iPhone Developer";
				COPY_PHASE_STRIP = NO;
				DEBUG_INFORMATION_FORMAT = dwarf;
				ENABLE_STRICT_OBJC_MSGSEND = YES;
				ENABLE_TESTABILITY = YES;
				GCC_C_LANGUAGE_STANDARD = gnu11;
				GCC_DYNAMIC_NO_PIC = NO;
				GCC_NO_COMMON_BLOCKS = YES;
				GCC_OPTIMIZATION_LEVEL = 0;
				GCC_PREPROCESSOR_DEFINITIONS = (
					"DEBUG=1",
					"$(inherited)",
				);
				GCC_WARN_64_TO_32_BIT_CONVERSION = YES;
				GCC_WARN_ABOUT_RETURN_TYPE = YES_ERROR;
				GCC_WARN_UNDECLARED_SELECTOR = YES;
				GCC_WARN_UNINITIALIZED_AUTOS = YES_AGGRESSIVE;
				GCC_WARN_UNUSED_FUNCTION = YES;
				GCC_WARN_UNUSED_VARIABLE = YES;
				IPHONEOS_DEPLOYMENT_TARGET = 12.4;
				MTL_ENABLE_DEBUG_INFO = INCLUDE_SOURCE;
				MTL_FAST_MATH = YES;
				ONLY_ACTIVE_ARCH = YES;
				SDKROOT = iphoneos;
				SWIFT_ACTIVE_COMPILATION_CONDITIONS = DEBUG;
				SWIFT_OPTIMIZATION_LEVEL = "-Onone";
			};
			name = Debug;
		};
		745ADAA9230E3BE600DE9230 /* Release */ = {
			isa = XCBuildConfiguration;
			buildSettings = {
				ALWAYS_SEARCH_USER_PATHS = NO;
				CLANG_ANALYZER_NONNULL = YES;
				CLANG_ANALYZER_NUMBER_OBJECT_CONVERSION = YES_AGGRESSIVE;
				CLANG_CXX_LANGUAGE_STANDARD = "gnu++14";
				CLANG_CXX_LIBRARY = "libc++";
				CLANG_ENABLE_MODULES = YES;
				CLANG_ENABLE_OBJC_ARC = YES;
				CLANG_ENABLE_OBJC_WEAK = YES;
				CLANG_WARN_BLOCK_CAPTURE_AUTORELEASING = YES;
				CLANG_WARN_BOOL_CONVERSION = YES;
				CLANG_WARN_COMMA = YES;
				CLANG_WARN_CONSTANT_CONVERSION = YES;
				CLANG_WARN_DEPRECATED_OBJC_IMPLEMENTATIONS = YES;
				CLANG_WARN_DIRECT_OBJC_ISA_USAGE = YES_ERROR;
				CLANG_WARN_DOCUMENTATION_COMMENTS = YES;
				CLANG_WARN_EMPTY_BODY = YES;
				CLANG_WARN_ENUM_CONVERSION = YES;
				CLANG_WARN_INFINITE_RECURSION = YES;
				CLANG_WARN_INT_CONVERSION = YES;
				CLANG_WARN_NON_LITERAL_NULL_CONVERSION = YES;
				CLANG_WARN_OBJC_IMPLICIT_RETAIN_SELF = YES;
				CLANG_WARN_OBJC_LITERAL_CONVERSION = YES;
				CLANG_WARN_OBJC_ROOT_CLASS = YES_ERROR;
				CLANG_WARN_RANGE_LOOP_ANALYSIS = YES;
				CLANG_WARN_STRICT_PROTOTYPES = YES;
				CLANG_WARN_SUSPICIOUS_MOVE = YES;
				CLANG_WARN_UNGUARDED_AVAILABILITY = YES_AGGRESSIVE;
				CLANG_WARN_UNREACHABLE_CODE = YES;
				CLANG_WARN__DUPLICATE_METHOD_MATCH = YES;
				CODE_SIGN_IDENTITY = "iPhone Developer";
				COPY_PHASE_STRIP = NO;
				DEBUG_INFORMATION_FORMAT = "dwarf-with-dsym";
				ENABLE_NS_ASSERTIONS = NO;
				ENABLE_STRICT_OBJC_MSGSEND = YES;
				GCC_C_LANGUAGE_STANDARD = gnu11;
				GCC_NO_COMMON_BLOCKS = YES;
				GCC_WARN_64_TO_32_BIT_CONVERSION = YES;
				GCC_WARN_ABOUT_RETURN_TYPE = YES_ERROR;
				GCC_WARN_UNDECLARED_SELECTOR = YES;
				GCC_WARN_UNINITIALIZED_AUTOS = YES_AGGRESSIVE;
				GCC_WARN_UNUSED_FUNCTION = YES;
				GCC_WARN_UNUSED_VARIABLE = YES;
				IPHONEOS_DEPLOYMENT_TARGET = 12.4;
				MTL_ENABLE_DEBUG_INFO = NO;
				MTL_FAST_MATH = YES;
				SDKROOT = iphoneos;
				SWIFT_COMPILATION_MODE = wholemodule;
				SWIFT_OPTIMIZATION_LEVEL = "-O";
				VALIDATE_PRODUCT = YES;
			};
			name = Release;
		};
		745ADAAB230E3BE600DE9230 /* Debug */ = {
			isa = XCBuildConfiguration;
			buildSettings = {
				ASSETCATALOG_COMPILER_APPICON_NAME = AppIcon;
				CODE_SIGN_STYLE = Automatic;
				INFOPLIST_FILE = SelectionView/Info.plist;
				LD_RUNPATH_SEARCH_PATHS = (
					"$(inherited)",
					"@executable_path/Frameworks",
				);
				PRODUCT_BUNDLE_IDENTIFIER = com.littlema.SelectionView;
				PRODUCT_NAME = "$(TARGET_NAME)";
				SWIFT_VERSION = 5.0;
				TARGETED_DEVICE_FAMILY = "1,2";
			};
			name = Debug;
		};
		745ADAAC230E3BE600DE9230 /* Release */ = {
			isa = XCBuildConfiguration;
			buildSettings = {
				ASSETCATALOG_COMPILER_APPICON_NAME = AppIcon;
				CODE_SIGN_STYLE = Automatic;
				INFOPLIST_FILE = SelectionView/Info.plist;
				LD_RUNPATH_SEARCH_PATHS = (
					"$(inherited)",
					"@executable_path/Frameworks",
				);
				PRODUCT_BUNDLE_IDENTIFIER = com.littlema.SelectionView;
				PRODUCT_NAME = "$(TARGET_NAME)";
				SWIFT_VERSION = 5.0;
				TARGETED_DEVICE_FAMILY = "1,2";
			};
			name = Release;
		};
/* End XCBuildConfiguration section */

/* Begin XCConfigurationList section */
		745ADA93230E3BE200DE9230 /* Build configuration list for PBXProject "SelectionView" */ = {
			isa = XCConfigurationList;
			buildConfigurations = (
				745ADAA8230E3BE600DE9230 /* Debug */,
				745ADAA9230E3BE600DE9230 /* Release */,
			);
			defaultConfigurationIsVisible = 0;
			defaultConfigurationName = Release;
		};
		745ADAAA230E3BE600DE9230 /* Build configuration list for PBXNativeTarget "SelectionView" */ = {
			isa = XCConfigurationList;
			buildConfigurations = (
				745ADAAB230E3BE600DE9230 /* Debug */,
				745ADAAC230E3BE600DE9230 /* Release */,
			);
			defaultConfigurationIsVisible = 0;
			defaultConfigurationName = Release;
		};
/* End XCConfigurationList section */
	};
	rootObject = 745ADA90230E3BE200DE9230 /* Project object */;
}
