// !$*UTF8*$!
{
	archiveVersion = 1;
	classes = {
	};
	objectVersion = 50;
	objects = {

/* Begin PBXBuildFile section */
		742AE261230BAE31008D6B07 /* AppDelegate.swift in Sources */ = {isa = PBXBuildFile; fileRef = 742AE260230BAE31008D6B07 /* AppDelegate.swift */; };
		742AE263230BAE31008D6B07 /* DetailViewController.swift in Sources */ = {isa = PBXBuildFile; fileRef = 742AE262230BAE31008D6B07 /* DetailViewController.swift */; };
		742AE266230BAE31008D6B07 /* Main.storyboard in Resources */ = {isa = PBXBuildFile; fileRef = 742AE264230BAE31008D6B07 /* Main.storyboard */; };
		742AE268230BAE34008D6B07 /* Assets.xcassets in Resources */ = {isa = PBXBuildFile; fileRef = 742AE267230BAE34008D6B07 /* Assets.xcassets */; };
		742AE26B230BAE34008D6B07 /* LaunchScreen.storyboard in Resources */ = {isa = PBXBuildFile; fileRef = 742AE269230BAE34008D6B07 /* LaunchScreen.storyboard */; };
		742AE275230BAEC1008D6B07 /* MainViewController.swift in Sources */ = {isa = PBXBuildFile; fileRef = 742AE274230BAEC1008D6B07 /* MainViewController.swift */; };
		742AE277230BB1DF008D6B07 /* ItemTableViewCell.swift in Sources */ = {isa = PBXBuildFile; fileRef = 742AE276230BB1DF008D6B07 /* ItemTableViewCell.swift */; };
/* End PBXBuildFile section */

/* Begin PBXFileReference section */
		742AE25D230BAE31008D6B07 /* PassValue.app */ = {isa = PBXFileReference; explicitFileType = wrapper.application; includeInIndex = 0; path = PassValue.app; sourceTree = BUILT_PRODUCTS_DIR; };
		742AE260230BAE31008D6B07 /* AppDelegate.swift */ = {isa = PBXFileReference; lastKnownFileType = sourcecode.swift; path = AppDelegate.swift; sourceTree = "<group>"; };
		742AE262230BAE31008D6B07 /* DetailViewController.swift */ = {isa = PBXFileReference; lastKnownFileType = sourcecode.swift; path = DetailViewController.swift; sourceTree = "<group>"; };
		742AE265230BAE31008D6B07 /* Base */ = {isa = PBXFileReference; lastKnownFileType = file.storyboard; name = Base; path = Base.lproj/Main.storyboard; sourceTree = "<group>"; };
		742AE267230BAE34008D6B07 /* Assets.xcassets */ = {isa = PBXFileReference; lastKnownFileType = folder.assetcatalog; path = Assets.xcassets; sourceTree = "<group>"; };
		742AE26A230BAE34008D6B07 /* Base */ = {isa = PBXFileReference; lastKnownFileType = file.storyboard; name = Base; path = Base.lproj/LaunchScreen.storyboard; sourceTree = "<group>"; };
		742AE26C230BAE34008D6B07 /* Info.plist */ = {isa = PBXFileReference; lastKnownFileType = text.plist.xml; path = Info.plist; sourceTree = "<group>"; };
		742AE274230BAEC1008D6B07 /* MainViewController.swift */ = {isa = PBXFileReference; lastKnownFileType = sourcecode.swift; path = MainViewController.swift; sourceTree = "<group>"; };
		742AE276230BB1DF008D6B07 /* ItemTableViewCell.swift */ = {isa = PBXFileReference; lastKnownFileType = sourcecode.swift; path = ItemTableViewCell.swift; sourceTree = "<group>"; };
/* End PBXFileReference section */

/* Begin PBXFrameworksBuildPhase section */
		742AE25A230BAE31008D6B07 /* Frameworks */ = {
			isa = PBXFrameworksBuildPhase;
			buildActionMask = 2147483647;
			files = (
			);
			runOnlyForDeploymentPostprocessing = 0;
		};
/* End PBXFrameworksBuildPhase section */

/* Begin PBXGroup section */
		742AE254230BAE31008D6B07 = {
			isa = PBXGroup;
			children = (
				742AE25F230BAE31008D6B07 /* PassValue */,
				742AE25E230BAE31008D6B07 /* Products */,
			);
			sourceTree = "<group>";
		};
		742AE25E230BAE31008D6B07 /* Products */ = {
			isa = PBXGroup;
			children = (
				742AE25D230BAE31008D6B07 /* PassValue.app */,
			);
			name = Products;
			sourceTree = "<group>";
		};
		742AE25F230BAE31008D6B07 /* PassValue */ = {
			isa = PBXGroup;
			children = (
				742AE260230BAE31008D6B07 /* AppDelegate.swift */,
				742AE262230BAE31008D6B07 /* DetailViewController.swift */,
				742AE274230BAEC1008D6B07 /* MainViewController.swift */,
				742AE276230BB1DF008D6B07 /* ItemTableViewCell.swift */,
				742AE264230BAE31008D6B07 /* Main.storyboard */,
				742AE267230BAE34008D6B07 /* Assets.xcassets */,
				742AE269230BAE34008D6B07 /* LaunchScreen.storyboard */,
				742AE26C230BAE34008D6B07 /* Info.plist */,
			);
			path = PassValue;
			sourceTree = "<group>";
		};
/* End PBXGroup section */

/* Begin PBXNativeTarget section */
		742AE25C230BAE31008D6B07 /* PassValue */ = {
			isa = PBXNativeTarget;
			buildConfigurationList = 742AE26F230BAE34008D6B07 /* Build configuration list for PBXNativeTarget "PassValue" */;
			buildPhases = (
				742AE259230BAE31008D6B07 /* Sources */,
				742AE25A230BAE31008D6B07 /* Frameworks */,
				742AE25B230BAE31008D6B07 /* Resources */,
			);
			buildRules = (
			);
			dependencies = (
			);
			name = PassValue;
			productName = PassValue;
			productReference = 742AE25D230BAE31008D6B07 /* PassValue.app */;
			productType = "com.apple.product-type.application";
		};
/* End PBXNativeTarget section */

/* Begin PBXProject section */
		742AE255230BAE31008D6B07 /* Project object */ = {
			isa = PBXProject;
			attributes = {
				LastSwiftUpdateCheck = 1030;
				LastUpgradeCheck = 1030;
				ORGANIZATIONNAME = littema;
				TargetAttributes = {
					742AE25C230BAE31008D6B07 = {
						CreatedOnToolsVersion = 10.3;
					};
				};
			};
			buildConfigurationList = 742AE258230BAE31008D6B07 /* Build configuration list for PBXProject "PassValue" */;
			compatibilityVersion = "Xcode 9.3";
			developmentRegion = en;
			hasScannedForEncodings = 0;
			knownRegions = (
				en,
				Base,
			);
			mainGroup = 742AE254230BAE31008D6B07;
			productRefGroup = 742AE25E230BAE31008D6B07 /* Products */;
			projectDirPath = "";
			projectRoot = "";
			targets = (
				742AE25C230BAE31008D6B07 /* PassValue */,
			);
		};
/* End PBXProject section */

/* Begin PBXResourcesBuildPhase section */
		742AE25B230BAE31008D6B07 /* Resources */ = {
			isa = PBXResourcesBuildPhase;
			buildActionMask = 2147483647;
			files = (
				742AE26B230BAE34008D6B07 /* LaunchScreen.storyboard in Resources */,
				742AE268230BAE34008D6B07 /* Assets.xcassets in Resources */,
				742AE266230BAE31008D6B07 /* Main.storyboard in Resources */,
			);
			runOnlyForDeploymentPostprocessing = 0;
		};
/* End PBXResourcesBuildPhase section */

/* Begin PBXSourcesBuildPhase section */
		742AE259230BAE31008D6B07 /* Sources */ = {
			isa = PBXSourcesBuildPhase;
			buildActionMask = 2147483647;
			files = (
				742AE277230BB1DF008D6B07 /* ItemTableViewCell.swift in Sources */,
				742AE275230BAEC1008D6B07 /* MainViewController.swift in Sources */,
				742AE263230BAE31008D6B07 /* DetailViewController.swift in Sources */,
				742AE261230BAE31008D6B07 /* AppDelegate.swift in Sources */,
			);
			runOnlyForDeploymentPostprocessing = 0;
		};
/* End PBXSourcesBuildPhase section */

/* Begin PBXVariantGroup section */
		742AE264230BAE31008D6B07 /* Main.storyboard */ = {
			isa = PBXVariantGroup;
			children = (
				742AE265230BAE31008D6B07 /* Base */,
			);
			name = Main.storyboard;
			sourceTree = "<group>";
		};
		742AE269230BAE34008D6B07 /* LaunchScreen.storyboard */ = {
			isa = PBXVariantGroup;
			children = (
				742AE26A230BAE34008D6B07 /* Base */,
			);
			name = LaunchScreen.storyboard;
			sourceTree = "<group>";
		};
/* End PBXVariantGroup section */

/* Begin XCBuildConfiguration section */
		742AE26D230BAE34008D6B07 /* Debug */ = {
			isa = XCBuildConfiguration;
			buildSettings = {
				ALWAYS_SEARCH_USER_PATHS = NO;
				CLANG_ANALYZER_NONNULL = YES;
				CLANG_ANALYZER_NUMBER_OBJECT_CONVERSION = YES_AGGRESSIVE;
				CLANG_CXX_LANGUAGE_STANDARD = "gnu++14";
				CLANG_CXX_LIBRARY = "libc++";
				CLANG_ENABLE_MODULES = YES;
				CLANG_ENABLE_OBJC_ARC = YES;
				CLANG_ENABLE_OBJC_WEAK = YES;
				CLANG_WARN_BLOCK_CAPTURE_AUTORELEASING = YES;
				CLANG_WARN_BOOL_CONVERSION = YES;
				CLANG_WARN_COMMA = YES;
				CLANG_WARN_CONSTANT_CONVERSION = YES;
				CLANG_WARN_DEPRECATED_OBJC_IMPLEMENTATIONS = YES;
				CLANG_WARN_DIRECT_OBJC_ISA_USAGE = YES_ERROR;
				CLANG_WARN_DOCUMENTATION_COMMENTS = YES;
				CLANG_WARN_EMPTY_BODY = YES;
				CLANG_WARN_ENUM_CONVERSION = YES;
				CLANG_WARN_INFINITE_RECURSION = YES;
				CLANG_WARN_INT_CONVERSION = YES;
				CLANG_WARN_NON_LITERAL_NULL_CONVERSION = YES;
				CLANG_WARN_OBJC_IMPLICIT_RETAIN_SELF = YES;
				CLANG_WARN_OBJC_LITERAL_CONVERSION = YES;
				CLANG_WARN_OBJC_ROOT_CLASS = YES_ERROR;
				CLANG_WARN_RANGE_LOOP_ANALYSIS = YES;
				CLANG_WARN_STRICT_PROTOTYPES = YES;
				CLANG_WARN_SUSPICIOUS_MOVE = YES;
				CLANG_WARN_UNGUARDED_AVAILABILITY = YES_AGGRESSIVE;
				CLANG_WARN_UNREACHABLE_CODE = YES;
				CLANG_WARN__DUPLICATE_METHOD_MATCH = YES;
				CODE_SIGN_IDENTITY = "iPhone Developer";
				COPY_PHASE_STRIP = NO;
				DEBUG_INFORMATION_FORMAT = dwarf;
				ENABLE_STRICT_OBJC_MSGSEND = YES;
				ENABLE_TESTABILITY = YES;
				GCC_C_LANGUAGE_STANDARD = gnu11;
				GCC_DYNAMIC_NO_PIC = NO;
				GCC_NO_COMMON_BLOCKS = YES;
				GCC_OPTIMIZATION_LEVEL = 0;
				GCC_PREPROCESSOR_DEFINITIONS = (
					"DEBUG=1",
					"$(inherited)",
				);
				GCC_WARN_64_TO_32_BIT_CONVERSION = YES;
				GCC_WARN_ABOUT_RETURN_TYPE = YES_ERROR;
				GCC_WARN_UNDECLARED_SELECTOR = YES;
				GCC_WARN_UNINITIALIZED_AUTOS = YES_AGGRESSIVE;
				GCC_WARN_UNUSED_FUNCTION = YES;
				GCC_WARN_UNUSED_VARIABLE = YES;
				IPHONEOS_DEPLOYMENT_TARGET = 12.4;
				MTL_ENABLE_DEBUG_INFO = INCLUDE_SOURCE;
				MTL_FAST_MATH = YES;
				ONLY_ACTIVE_ARCH = YES;
				SDKROOT = iphoneos;
				SWIFT_ACTIVE_COMPILATION_CONDITIONS = DEBUG;
				SWIFT_OPTIMIZATION_LEVEL = "-Onone";
			};
			name = Debug;
		};
		742AE26E230BAE34008D6B07 /* Release */ = {
			isa = XCBuildConfiguration;
			buildSettings = {
				ALWAYS_SEARCH_USER_PATHS = NO;
				CLANG_ANALYZER_NONNULL = YES;
				CLANG_ANALYZER_NUMBER_OBJECT_CONVERSION = YES_AGGRESSIVE;
				CLANG_CXX_LANGUAGE_STANDARD = "gnu++14";
				CLANG_CXX_LIBRARY = "libc++";
				CLANG_ENABLE_MODULES = YES;
				CLANG_ENABLE_OBJC_ARC = YES;
				CLANG_ENABLE_OBJC_WEAK = YES;
				CLANG_WARN_BLOCK_CAPTURE_AUTORELEASING = YES;
				CLANG_WARN_BOOL_CONVERSION = YES;
				CLANG_WARN_COMMA = YES;
				CLANG_WARN_CONSTANT_CONVERSION = YES;
				CLANG_WARN_DEPRECATED_OBJC_IMPLEMENTATIONS = YES;
				CLANG_WARN_DIRECT_OBJC_ISA_USAGE = YES_ERROR;
				CLANG_WARN_DOCUMENTATION_COMMENTS = YES;
				CLANG_WARN_EMPTY_BODY = YES;
				CLANG_WARN_ENUM_CONVERSION = YES;
				CLANG_WARN_INFINITE_RECURSION = YES;
				CLANG_WARN_INT_CONVERSION = YES;
				CLANG_WARN_NON_LITERAL_NULL_CONVERSION = YES;
				CLANG_WARN_OBJC_IMPLICIT_RETAIN_SELF = YES;
				CLANG_WARN_OBJC_LITERAL_CONVERSION = YES;
				CLANG_WARN_OBJC_ROOT_CLASS = YES_ERROR;
				CLANG_WARN_RANGE_LOOP_ANALYSIS = YES;
				CLANG_WARN_STRICT_PROTOTYPES = YES;
				CLANG_WARN_SUSPICIOUS_MOVE = YES;
				CLANG_WARN_UNGUARDED_AVAILABILITY = YES_AGGRESSIVE;
				CLANG_WARN_UNREACHABLE_CODE = YES;
				CLANG_WARN__DUPLICATE_METHOD_MATCH = YES;
				CODE_SIGN_IDENTITY = "iPhone Developer";
				COPY_PHASE_STRIP = NO;
				DEBUG_INFORMATION_FORMAT = "dwarf-with-dsym";
				ENABLE_NS_ASSERTIONS = NO;
				ENABLE_STRICT_OBJC_MSGSEND = YES;
				GCC_C_LANGUAGE_STANDARD = gnu11;
				GCC_NO_COMMON_BLOCKS = YES;
				GCC_WARN_64_TO_32_BIT_CONVERSION = YES;
				GCC_WARN_ABOUT_RETURN_TYPE = YES_ERROR;
				GCC_WARN_UNDECLARED_SELECTOR = YES;
				GCC_WARN_UNINITIALIZED_AUTOS = YES_AGGRESSIVE;
				GCC_WARN_UNUSED_FUNCTION = YES;
				GCC_WARN_UNUSED_VARIABLE = YES;
				IPHONEOS_DEPLOYMENT_TARGET = 12.4;
				MTL_ENABLE_DEBUG_INFO = NO;
				MTL_FAST_MATH = YES;
				SDKROOT = iphoneos;
				SWIFT_COMPILATION_MODE = wholemodule;
				SWIFT_OPTIMIZATION_LEVEL = "-O";
				VALIDATE_PRODUCT = YES;
			};
			name = Release;
		};
		742AE270230BAE34008D6B07 /* Debug */ = {
			isa = XCBuildConfiguration;
			buildSettings = {
				ASSETCATALOG_COMPILER_APPICON_NAME = AppIcon;
				CODE_SIGN_STYLE = Automatic;
				INFOPLIST_FILE = PassValue/Info.plist;
				LD_RUNPATH_SEARCH_PATHS = (
					"$(inherited)",
					"@executable_path/Frameworks",
				);
				PRODUCT_BUNDLE_IDENTIFIER = com.littlema.PassValue;
				PRODUCT_NAME = "$(TARGET_NAME)";
				SWIFT_VERSION = 5.0;
				TARGETED_DEVICE_FAMILY = "1,2";
			};
			name = Debug;
		};
		742AE271230BAE34008D6B07 /* Release */ = {
			isa = XCBuildConfiguration;
			buildSettings = {
				ASSETCATALOG_COMPILER_APPICON_NAME = AppIcon;
				CODE_SIGN_STYLE = Automatic;
				INFOPLIST_FILE = PassValue/Info.plist;
				LD_RUNPATH_SEARCH_PATHS = (
					"$(inherited)",
					"@executable_path/Frameworks",
				);
				PRODUCT_BUNDLE_IDENTIFIER = com.littlema.PassValue;
				PRODUCT_NAME = "$(TARGET_NAME)";
				SWIFT_VERSION = 5.0;
				TARGETED_DEVICE_FAMILY = "1,2";
			};
			name = Release;
		};
/* End XCBuildConfiguration section */

/* Begin XCConfigurationList section */
		742AE258230BAE31008D6B07 /* Build configuration list for PBXProject "PassValue" */ = {
			isa = XCConfigurationList;
			buildConfigurations = (
				742AE26D230BAE34008D6B07 /* Debug */,
				742AE26E230BAE34008D6B07 /* Release */,
			);
			defaultConfigurationIsVisible = 0;
			defaultConfigurationName = Release;
		};
		742AE26F230BAE34008D6B07 /* Build configuration list for PBXNativeTarget "PassValue" */ = {
			isa = XCConfigurationList;
			buildConfigurations = (
				742AE270230BAE34008D6B07 /* Debug */,
				742AE271230BAE34008D6B07 /* Release */,
			);
			defaultConfigurationIsVisible = 0;
			defaultConfigurationName = Release;
		};
/* End XCConfigurationList section */
	};
	rootObject = 742AE255230BAE31008D6B07 /* Project object */;
}
