// !$*UTF8*$!
{
	archiveVersion = 1;
	classes = {
	};
	objectVersion = 50;
	objects = {

/* Begin PBXBuildFile section */
		742AE29E230D70F5008D6B07 /* MainViewController.swift in Sources */ = {isa = PBXBuildFile; fileRef = 742AE29D230D70F5008D6B07 /* MainViewController.swift */; };
		74F1D53A230A3E9F0045DA94 /* AppDelegate.swift in Sources */ = {isa = PBXBuildFile; fileRef = 74F1D539230A3E9F0045DA94 /* AppDelegate.swift */; };
		74F1D53C230A3E9F0045DA94 /* ViewController.swift in Sources */ = {isa = PBXBuildFile; fileRef = 74F1D53B230A3E9F0045DA94 /* ViewController.swift */; };
		74F1D53F230A3E9F0045DA94 /* Main.storyboard in Resources */ = {isa = PBXBuildFile; fileRef = 74F1D53D230A3E9F0045DA94 /* Main.storyboard */; };
		74F1D541230A3EA30045DA94 /* Assets.xcassets in Resources */ = {isa = PBXBuildFile; fileRef = 74F1D540230A3EA30045DA94 /* Assets.xcassets */; };
		74F1D544230A3EA30045DA94 /* LaunchScreen.storyboard in Resources */ = {isa = PBXBuildFile; fileRef = 74F1D542230A3EA30045DA94 /* LaunchScreen.storyboard */; };
		74F1D54C230A3FF30045DA94 /* SelectionView.swift in Sources */ = {isa = PBXBuildFile; fileRef = 74F1D54B230A3FF30045DA94 /* SelectionView.swift */; };
/* End PBXBuildFile section */

/* Begin PBXFileReference section */
		742AE29D230D70F5008D6B07 /* MainViewController.swift */ = {isa = PBXFileReference; lastKnownFileType = sourcecode.swift; path = MainViewController.swift; sourceTree = "<group>"; };
		74F1D536230A3E9F0045DA94 /* SelectionViewDemo.app */ = {isa = PBXFileReference; explicitFileType = wrapper.application; includeInIndex = 0; path = SelectionViewDemo.app; sourceTree = BUILT_PRODUCTS_DIR; };
		74F1D539230A3E9F0045DA94 /* AppDelegate.swift */ = {isa = PBXFileReference; lastKnownFileType = sourcecode.swift; path = AppDelegate.swift; sourceTree = "<group>"; };
		74F1D53B230A3E9F0045DA94 /* ViewController.swift */ = {isa = PBXFileReference; lastKnownFileType = sourcecode.swift; path = ViewController.swift; sourceTree = "<group>"; };
		74F1D53E230A3E9F0045DA94 /* Base */ = {isa = PBXFileReference; lastKnownFileType = file.storyboard; name = Base; path = Base.lproj/Main.storyboard; sourceTree = "<group>"; };
		74F1D540230A3EA30045DA94 /* Assets.xcassets */ = {isa = PBXFileReference; lastKnownFileType = folder.assetcatalog; path = Assets.xcassets; sourceTree = "<group>"; };
		74F1D543230A3EA30045DA94 /* Base */ = {isa = PBXFileReference; lastKnownFileType = file.storyboard; name = Base; path = Base.lproj/LaunchScreen.storyboard; sourceTree = "<group>"; };
		74F1D545230A3EA30045DA94 /* Info.plist */ = {isa = PBXFileReference; lastKnownFileType = text.plist.xml; path = Info.plist; sourceTree = "<group>"; };
		74F1D54B230A3FF30045DA94 /* SelectionView.swift */ = {isa = PBXFileReference; lastKnownFileType = sourcecode.swift; path = SelectionView.swift; sourceTree = "<group>"; };
/* End PBXFileReference section */

/* Begin PBXFrameworksBuildPhase section */
		74F1D533230A3E9F0045DA94 /* Frameworks */ = {
			isa = PBXFrameworksBuildPhase;
			buildActionMask = 2147483647;
			files = (
			);
			runOnlyForDeploymentPostprocessing = 0;
		};
/* End PBXFrameworksBuildPhase section */

/* Begin PBXGroup section */
		74F1D52D230A3E9F0045DA94 = {
			isa = PBXGroup;
			children = (
				74F1D538230A3E9F0045DA94 /* SelectionViewDemo */,
				74F1D537230A3E9F0045DA94 /* Products */,
			);
			sourceTree = "<group>";
		};
		74F1D537230A3E9F0045DA94 /* Products */ = {
			isa = PBXGroup;
			children = (
				74F1D536230A3E9F0045DA94 /* SelectionViewDemo.app */,
			);
			name = Products;
			sourceTree = "<group>";
		};
		74F1D538230A3E9F0045DA94 /* SelectionViewDemo */ = {
			isa = PBXGroup;
			children = (
				74F1D539230A3E9F0045DA94 /* AppDelegate.swift */,
				74F1D53B230A3E9F0045DA94 /* ViewController.swift */,
				74F1D54B230A3FF30045DA94 /* SelectionView.swift */,
				74F1D53D230A3E9F0045DA94 /* Main.storyboard */,
				742AE29D230D70F5008D6B07 /* MainViewController.swift */,
				74F1D540230A3EA30045DA94 /* Assets.xcassets */,
				74F1D542230A3EA30045DA94 /* LaunchScreen.storyboard */,
				74F1D545230A3EA30045DA94 /* Info.plist */,
			);
			path = SelectionViewDemo;
			sourceTree = "<group>";
		};
/* End PBXGroup section */

/* Begin PBXNativeTarget section */
		74F1D535230A3E9F0045DA94 /* SelectionViewDemo */ = {
			isa = PBXNativeTarget;
			buildConfigurationList = 74F1D548230A3EA30045DA94 /* Build configuration list for PBXNativeTarget "SelectionViewDemo" */;
			buildPhases = (
				74F1D532230A3E9F0045DA94 /* Sources */,
				74F1D533230A3E9F0045DA94 /* Frameworks */,
				74F1D534230A3E9F0045DA94 /* Resources */,
			);
			buildRules = (
			);
			dependencies = (
			);
			name = SelectionViewDemo;
			productName = SelectionViewDemo;
			productReference = 74F1D536230A3E9F0045DA94 /* SelectionViewDemo.app */;
			productType = "com.apple.product-type.application";
		};
/* End PBXNativeTarget section */

/* Begin PBXProject section */
		74F1D52E230A3E9F0045DA94 /* Project object */ = {
			isa = PBXProject;
			attributes = {
				LastSwiftUpdateCheck = 1030;
				LastUpgradeCheck = 1030;
				ORGANIZATIONNAME = littema;
				TargetAttributes = {
					74F1D535230A3E9F0045DA94 = {
						CreatedOnToolsVersion = 10.3;
					};
				};
			};
			buildConfigurationList = 74F1D531230A3E9F0045DA94 /* Build configuration list for PBXProject "SelectionViewDemo" */;
			compatibilityVersion = "Xcode 9.3";
			developmentRegion = en;
			hasScannedForEncodings = 0;
			knownRegions = (
				en,
				Base,
			);
			mainGroup = 74F1D52D230A3E9F0045DA94;
			productRefGroup = 74F1D537230A3E9F0045DA94 /* Products */;
			projectDirPath = "";
			projectRoot = "";
			targets = (
				74F1D535230A3E9F0045DA94 /* SelectionViewDemo */,
			);
		};
/* End PBXProject section */

/* Begin PBXResourcesBuildPhase section */
		74F1D534230A3E9F0045DA94 /* Resources */ = {
			isa = PBXResourcesBuildPhase;
			buildActionMask = 2147483647;
			files = (
				74F1D544230A3EA30045DA94 /* LaunchScreen.storyboard in Resources */,
				74F1D541230A3EA30045DA94 /* Assets.xcassets in Resources */,
				74F1D53F230A3E9F0045DA94 /* Main.storyboard in Resources */,
			);
			runOnlyForDeploymentPostprocessing = 0;
		};
/* End PBXResourcesBuildPhase section */

/* Begin PBXSourcesBuildPhase section */
		74F1D532230A3E9F0045DA94 /* Sources */ = {
			isa = PBXSourcesBuildPhase;
			buildActionMask = 2147483647;
			files = (
				74F1D53C230A3E9F0045DA94 /* ViewController.swift in Sources */,
				74F1D53A230A3E9F0045DA94 /* AppDelegate.swift in Sources */,
				74F1D54C230A3FF30045DA94 /* SelectionView.swift in Sources */,
				742AE29E230D70F5008D6B07 /* MainViewController.swift in Sources */,
			);
			runOnlyForDeploymentPostprocessing = 0;
		};
/* End PBXSourcesBuildPhase section */

/* Begin PBXVariantGroup section */
		74F1D53D230A3E9F0045DA94 /* Main.storyboard */ = {
			isa = PBXVariantGroup;
			children = (
				74F1D53E230A3E9F0045DA94 /* Base */,
			);
			name = Main.storyboard;
			sourceTree = "<group>";
		};
		74F1D542230A3EA30045DA94 /* LaunchScreen.storyboard */ = {
			isa = PBXVariantGroup;
			children = (
				74F1D543230A3EA30045DA94 /* Base */,
			);
			name = LaunchScreen.storyboard;
			sourceTree = "<group>";
		};
/* End PBXVariantGroup section */

/* Begin XCBuildConfiguration section */
		74F1D546230A3EA30045DA94 /* Debug */ = {
			isa = XCBuildConfiguration;
			buildSettings = {
				ALWAYS_SEARCH_USER_PATHS = NO;
				CLANG_ANALYZER_NONNULL = YES;
				CLANG_ANALYZER_NUMBER_OBJECT_CONVERSION = YES_AGGRESSIVE;
				CLANG_CXX_LANGUAGE_STANDARD = "gnu++14";
				CLANG_CXX_LIBRARY = "libc++";
				CLANG_ENABLE_MODULES = YES;
				CLANG_ENABLE_OBJC_ARC = YES;
				CLANG_ENABLE_OBJC_WEAK = YES;
				CLANG_WARN_BLOCK_CAPTURE_AUTORELEASING = YES;
				CLANG_WARN_BOOL_CONVERSION = YES;
				CLANG_WARN_COMMA = YES;
				CLANG_WARN_CONSTANT_CONVERSION = YES;
				CLANG_WARN_DEPRECATED_OBJC_IMPLEMENTATIONS = YES;
				CLANG_WARN_DIRECT_OBJC_ISA_USAGE = YES_ERROR;
				CLANG_WARN_DOCUMENTATION_COMMENTS = YES;
				CLANG_WARN_EMPTY_BODY = YES;
				CLANG_WARN_ENUM_CONVERSION = YES;
				CLANG_WARN_INFINITE_RECURSION = YES;
				CLANG_WARN_INT_CONVERSION = YES;
				CLANG_WARN_NON_LITERAL_NULL_CONVERSION = YES;
				CLANG_WARN_OBJC_IMPLICIT_RETAIN_SELF = YES;
				CLANG_WARN_OBJC_LITERAL_CONVERSION = YES;
				CLANG_WARN_OBJC_ROOT_CLASS = YES_ERROR;
				CLANG_WARN_RANGE_LOOP_ANALYSIS = YES;
				CLANG_WARN_STRICT_PROTOTYPES = YES;
				CLANG_WARN_SUSPICIOUS_MOVE = YES;
				CLANG_WARN_UNGUARDED_AVAILABILITY = YES_AGGRESSIVE;
				CLANG_WARN_UNREACHABLE_CODE = YES;
				CLANG_WARN__DUPLICATE_METHOD_MATCH = YES;
				CODE_SIGN_IDENTITY = "iPhone Developer";
				COPY_PHASE_STRIP = NO;
				DEBUG_INFORMATION_FORMAT = dwarf;
				ENABLE_STRICT_OBJC_MSGSEND = YES;
				ENABLE_TESTABILITY = YES;
				GCC_C_LANGUAGE_STANDARD = gnu11;
				GCC_DYNAMIC_NO_PIC = NO;
				GCC_NO_COMMON_BLOCKS = YES;
				GCC_OPTIMIZATION_LEVEL = 0;
				GCC_PREPROCESSOR_DEFINITIONS = (
					"DEBUG=1",
					"$(inherited)",
				);
				GCC_WARN_64_TO_32_BIT_CONVERSION = YES;
				GCC_WARN_ABOUT_RETURN_TYPE = YES_ERROR;
				GCC_WARN_UNDECLARED_SELECTOR = YES;
				GCC_WARN_UNINITIALIZED_AUTOS = YES_AGGRESSIVE;
				GCC_WARN_UNUSED_FUNCTION = YES;
				GCC_WARN_UNUSED_VARIABLE = YES;
				IPHONEOS_DEPLOYMENT_TARGET = 12.4;
				MTL_ENABLE_DEBUG_INFO = INCLUDE_SOURCE;
				MTL_FAST_MATH = YES;
				ONLY_ACTIVE_ARCH = YES;
				SDKROOT = iphoneos;
				SWIFT_ACTIVE_COMPILATION_CONDITIONS = DEBUG;
				SWIFT_OPTIMIZATION_LEVEL = "-Onone";
			};
			name = Debug;
		};
		74F1D547230A3EA30045DA94 /* Release */ = {
			isa = XCBuildConfiguration;
			buildSettings = {
				ALWAYS_SEARCH_USER_PATHS = NO;
				CLANG_ANALYZER_NONNULL = YES;
				CLANG_ANALYZER_NUMBER_OBJECT_CONVERSION = YES_AGGRESSIVE;
				CLANG_CXX_LANGUAGE_STANDARD = "gnu++14";
				CLANG_CXX_LIBRARY = "libc++";
				CLANG_ENABLE_MODULES = YES;
				CLANG_ENABLE_OBJC_ARC = YES;
				CLANG_ENABLE_OBJC_WEAK = YES;
				CLANG_WARN_BLOCK_CAPTURE_AUTORELEASING = YES;
				CLANG_WARN_BOOL_CONVERSION = YES;
				CLANG_WARN_COMMA = YES;
				CLANG_WARN_CONSTANT_CONVERSION = YES;
				CLANG_WARN_DEPRECATED_OBJC_IMPLEMENTATIONS = YES;
				CLANG_WARN_DIRECT_OBJC_ISA_USAGE = YES_ERROR;
				CLANG_WARN_DOCUMENTATION_COMMENTS = YES;
				CLANG_WARN_EMPTY_BODY = YES;
				CLANG_WARN_ENUM_CONVERSION = YES;
				CLANG_WARN_INFINITE_RECURSION = YES;
				CLANG_WARN_INT_CONVERSION = YES;
				CLANG_WARN_NON_LITERAL_NULL_CONVERSION = YES;
				CLANG_WARN_OBJC_IMPLICIT_RETAIN_SELF = YES;
				CLANG_WARN_OBJC_LITERAL_CONVERSION = YES;
				CLANG_WARN_OBJC_ROOT_CLASS = YES_ERROR;
				CLANG_WARN_RANGE_LOOP_ANALYSIS = YES;
				CLANG_WARN_STRICT_PROTOTYPES = YES;
				CLANG_WARN_SUSPICIOUS_MOVE = YES;
				CLANG_WARN_UNGUARDED_AVAILABILITY = YES_AGGRESSIVE;
				CLANG_WARN_UNREACHABLE_CODE = YES;
				CLANG_WARN__DUPLICATE_METHOD_MATCH = YES;
				CODE_SIGN_IDENTITY = "iPhone Developer";
				COPY_PHASE_STRIP = NO;
				DEBUG_INFORMATION_FORMAT = "dwarf-with-dsym";
				ENABLE_NS_ASSERTIONS = NO;
				ENABLE_STRICT_OBJC_MSGSEND = YES;
				GCC_C_LANGUAGE_STANDARD = gnu11;
				GCC_NO_COMMON_BLOCKS = YES;
				GCC_WARN_64_TO_32_BIT_CONVERSION = YES;
				GCC_WARN_ABOUT_RETURN_TYPE = YES_ERROR;
				GCC_WARN_UNDECLARED_SELECTOR = YES;
				GCC_WARN_UNINITIALIZED_AUTOS = YES_AGGRESSIVE;
				GCC_WARN_UNUSED_FUNCTION = YES;
				GCC_WARN_UNUSED_VARIABLE = YES;
				IPHONEOS_DEPLOYMENT_TARGET = 12.4;
				MTL_ENABLE_DEBUG_INFO = NO;
				MTL_FAST_MATH = YES;
				SDKROOT = iphoneos;
				SWIFT_COMPILATION_MODE = wholemodule;
				SWIFT_OPTIMIZATION_LEVEL = "-O";
				VALIDATE_PRODUCT = YES;
			};
			name = Release;
		};
		74F1D549230A3EA30045DA94 /* Debug */ = {
			isa = XCBuildConfiguration;
			buildSettings = {
				ASSETCATALOG_COMPILER_APPICON_NAME = AppIcon;
				CODE_SIGN_STYLE = Automatic;
				INFOPLIST_FILE = SelectionViewDemo/Info.plist;
				LD_RUNPATH_SEARCH_PATHS = (
					"$(inherited)",
					"@executable_path/Frameworks",
				);
				PRODUCT_BUNDLE_IDENTIFIER = com.littlema.SelectionViewDemo;
				PRODUCT_NAME = "$(TARGET_NAME)";
				SWIFT_VERSION = 5.0;
				TARGETED_DEVICE_FAMILY = "1,2";
			};
			name = Debug;
		};
		74F1D54A230A3EA30045DA94 /* Release */ = {
			isa = XCBuildConfiguration;
			buildSettings = {
				ASSETCATALOG_COMPILER_APPICON_NAME = AppIcon;
				CODE_SIGN_STYLE = Automatic;
				INFOPLIST_FILE = SelectionViewDemo/Info.plist;
				LD_RUNPATH_SEARCH_PATHS = (
					"$(inherited)",
					"@executable_path/Frameworks",
				);
				PRODUCT_BUNDLE_IDENTIFIER = com.littlema.SelectionViewDemo;
				PRODUCT_NAME = "$(TARGET_NAME)";
				SWIFT_VERSION = 5.0;
				TARGETED_DEVICE_FAMILY = "1,2";
			};
			name = Release;
		};
/* End XCBuildConfiguration section */

/* Begin XCConfigurationList section */
		74F1D531230A3E9F0045DA94 /* Build configuration list for PBXProject "SelectionViewDemo" */ = {
			isa = XCConfigurationList;
			buildConfigurations = (
				74F1D546230A3EA30045DA94 /* Debug */,
				74F1D547230A3EA30045DA94 /* Release */,
			);
			defaultConfigurationIsVisible = 0;
			defaultConfigurationName = Release;
		};
		74F1D548230A3EA30045DA94 /* Build configuration list for PBXNativeTarget "SelectionViewDemo" */ = {
			isa = XCConfigurationList;
			buildConfigurations = (
				74F1D549230A3EA30045DA94 /* Debug */,
				74F1D54A230A3EA30045DA94 /* Release */,
			);
			defaultConfigurationIsVisible = 0;
			defaultConfigurationName = Release;
		};
/* End XCConfigurationList section */
	};
	rootObject = 74F1D52E230A3E9F0045DA94 /* Project object */;
}
